// !$*UTF8*$!
{
	archiveVersion = 1;
	classes = {
	};
	objectVersion = 50;
	objects = {

/* Begin PBXBuildFile section */
		500ECFF0225D9F3B0097024C /* AppDelegate.m in Sources */ = {isa = PBXBuildFile; fileRef = 500ECFEF225D9F3B0097024C /* AppDelegate.m */; };
		500ECFF3225D9F3B0097024C /* ViewController.m in Sources */ = {isa = PBXBuildFile; fileRef = 500ECFF2225D9F3B0097024C /* ViewController.m */; };
		500ECFF6225D9F3B0097024C /* Main.storyboard in Resources */ = {isa = PBXBuildFile; fileRef = 500ECFF4225D9F3B0097024C /* Main.storyboard */; };
		500ECFF8225D9F3E0097024C /* Assets.xcassets in Resources */ = {isa = PBXBuildFile; fileRef = 500ECFF7225D9F3E0097024C /* Assets.xcassets */; };
		500ECFFB225D9F3E0097024C /* LaunchScreen.storyboard in Resources */ = {isa = PBXBuildFile; fileRef = 500ECFF9225D9F3E0097024C /* LaunchScreen.storyboard */; };
		500ECFFE225D9F3E0097024C /* main.m in Sources */ = {isa = PBXBuildFile; fileRef = 500ECFFD225D9F3E0097024C /* main.m */; };
/* End PBXBuildFile section */

/* Begin PBXFileReference section */
		500ECFEB225D9F3B0097024C /* ScrollViewNoDataView.app */ = {isa = PBXFileReference; explicitFileType = wrapper.application; includeInIndex = 0; path = ScrollViewNoDataView.app; sourceTree = BUILT_PRODUCTS_DIR; };
		500ECFEE225D9F3B0097024C /* AppDelegate.h */ = {isa = PBXFileReference; lastKnownFileType = sourcecode.c.h; path = AppDelegate.h; sourceTree = "<group>"; };
		500ECFEF225D9F3B0097024C /* AppDelegate.m */ = {isa = PBXFileReference; lastKnownFileType = sourcecode.c.objc; path = AppDelegate.m; sourceTree = "<group>"; };
		500ECFF1225D9F3B0097024C /* ViewController.h */ = {isa = PBXFileReference; lastKnownFileType = sourcecode.c.h; path = ViewController.h; sourceTree = "<group>"; };
		500ECFF2225D9F3B0097024C /* ViewController.m */ = {isa = PBXFileReference; lastKnownFileType = sourcecode.c.objc; path = ViewController.m; sourceTree = "<group>"; };
		500ECFF5225D9F3B0097024C /* Base */ = {isa = PBXFileReference; lastKnownFileType = file.storyboard; name = Base; path = Base.lproj/Main.storyboard; sourceTree = "<group>"; };
		500ECFF7225D9F3E0097024C /* Assets.xcassets */ = {isa = PBXFileReference; lastKnownFileType = folder.assetcatalog; path = Assets.xcassets; sourceTree = "<group>"; };
		500ECFFA225D9F3E0097024C /* Base */ = {isa = PBXFileReference; lastKnownFileType = file.storyboard; name = Base; path = Base.lproj/LaunchScreen.storyboard; sourceTree = "<group>"; };
		500ECFFC225D9F3E0097024C /* Info.plist */ = {isa = PBXFileReference; lastKnownFileType = text.plist.xml; path = Info.plist; sourceTree = "<group>"; };
		500ECFFD225D9F3E0097024C /* main.m */ = {isa = PBXFileReference; lastKnownFileType = sourcecode.c.objc; path = main.m; sourceTree = "<group>"; };
/* End PBXFileReference section */

/* Begin PBXFrameworksBuildPhase section */
		500ECFE8225D9F3B0097024C /* Frameworks */ = {
			isa = PBXFrameworksBuildPhase;
			buildActionMask = 2147483647;
			files = (
			);
			runOnlyForDeploymentPostprocessing = 0;
		};
/* End PBXFrameworksBuildPhase section */

/* Begin PBXGroup section */
		500ECFE2225D9F3B0097024C = {
			isa = PBXGroup;
			children = (
				500ECFED225D9F3B0097024C /* ScrollViewNoDataView */,
				500ECFEC225D9F3B0097024C /* Products */,
			);
			sourceTree = "<group>";
		};
		500ECFEC225D9F3B0097024C /* Products */ = {
			isa = PBXGroup;
			children = (
				500ECFEB225D9F3B0097024C /* ScrollViewNoDataView.app */,
			);
			name = Products;
			sourceTree = "<group>";
		};
		500ECFED225D9F3B0097024C /* ScrollViewNoDataView */ = {
			isa = PBXGroup;
			children = (
				500ECFEE225D9F3B0097024C /* AppDelegate.h */,
				500ECFEF225D9F3B0097024C /* AppDelegate.m */,
				500ECFF1225D9F3B0097024C /* ViewController.h */,
				500ECFF2225D9F3B0097024C /* ViewController.m */,
				500ECFF4225D9F3B0097024C /* Main.storyboard */,
				500ECFF7225D9F3E0097024C /* Assets.xcassets */,
				500ECFF9225D9F3E0097024C /* LaunchScreen.storyboard */,
				500ECFFC225D9F3E0097024C /* Info.plist */,
				500ECFFD225D9F3E0097024C /* main.m */,
			);
			path = ScrollViewNoDataView;
			sourceTree = "<group>";
		};
/* End PBXGroup section */

/* Begin PBXNativeTarget section */
		500ECFEA225D9F3B0097024C /* ScrollViewNoDataView */ = {
			isa = PBXNativeTarget;
			buildConfigurationList = 500ED001225D9F3E0097024C /* Build configuration list for PBXNativeTarget "ScrollViewNoDataView" */;
			buildPhases = (
				500ECFE7225D9F3B0097024C /* Sources */,
				500ECFE8225D9F3B0097024C /* Frameworks */,
				500ECFE9225D9F3B0097024C /* Resources */,
			);
			buildRules = (
			);
			dependencies = (
			);
			name = ScrollViewNoDataView;
			productName = ScrollViewNoDataView;
			productReference = 500ECFEB225D9F3B0097024C /* ScrollViewNoDataView.app */;
			productType = "com.apple.product-type.application";
		};
/* End PBXNativeTarget section */

/* Begin PBXProject section */
		500ECFE3225D9F3B0097024C /* Project object */ = {
			isa = PBXProject;
			attributes = {
				LastUpgradeCheck = 1010;
				ORGANIZATIONNAME = shutong;
				TargetAttributes = {
					500ECFEA225D9F3B0097024C = {
						CreatedOnToolsVersion = 10.1;
					};
				};
			};
			buildConfigurationList = 500ECFE6225D9F3B0097024C /* Build configuration list for PBXProject "ScrollViewNoDataView" */;
			compatibilityVersion = "Xcode 9.3";
			developmentRegion = en;
			hasScannedForEncodings = 0;
			knownRegions = (
				en,
				Base,
			);
			mainGroup = 500ECFE2225D9F3B0097024C;
			productRefGroup = 500ECFEC225D9F3B0097024C /* Products */;
			projectDirPath = "";
			projectRoot = "";
			targets = (
				500ECFEA225D9F3B0097024C /* ScrollViewNoDataView */,
			);
		};
/* End PBXProject section */

/* Begin PBXResourcesBuildPhase section */
		500ECFE9225D9F3B0097024C /* Resources */ = {
			isa = PBXResourcesBuildPhase;
			buildActionMask = 2147483647;
			files = (
				500ECFFB225D9F3E0097024C /* LaunchScreen.storyboard in Resources */,
				500ECFF8225D9F3E0097024C /* Assets.xcassets in Resources */,
				500ECFF6225D9F3B0097024C /* Main.storyboard in Resources */,
			);
			runOnlyForDeploymentPostprocessing = 0;
		};
/* End PBXResourcesBuildPhase section */

/* Begin PBXSourcesBuildPhase section */
		500ECFE7225D9F3B0097024C /* Sources */ = {
			isa = PBXSourcesBuildPhase;
			buildActionMask = 2147483647;
			files = (
				500ECFF3225D9F3B0097024C /* ViewController.m in Sources */,
				500ECFFE225D9F3E0097024C /* main.m in Sources */,
				500ECFF0225D9F3B0097024C /* AppDelegate.m in Sources */,
			);
			runOnlyForDeploymentPostprocessing = 0;
		};
/* End PBXSourcesBuildPhase section */

/* Begin PBXVariantGroup section */
		500ECFF4225D9F3B0097024C /* Main.storyboard */ = {
			isa = PBXVariantGroup;
			children = (
				500ECFF5225D9F3B0097024C /* Base */,
			);
			name = Main.storyboard;
			sourceTree = "<group>";
		};
		500ECFF9225D9F3E0097024C /* LaunchScreen.storyboard */ = {
			isa = PBXVariantGroup;
			children = (
				500ECFFA225D9F3E0097024C /* Base */,
			);
			name = LaunchScreen.storyboard;
			sourceTree = "<group>";
		};
/* End PBXVariantGroup section */

/* Begin XCBuildConfiguration section */
		500ECFFF225D9F3E0097024C /* Debug */ = {
			isa = XCBuildConfiguration;
			buildSettings = {
				ALWAYS_SEARCH_USER_PATHS = NO;
				CLANG_ANALYZER_NONNULL = YES;
				CLANG_ANALYZER_NUMBER_OBJECT_CONVERSION = YES_AGGRESSIVE;
				CLANG_CXX_LANGUAGE_STANDARD = "gnu++14";
				CLANG_CXX_LIBRARY = "libc++";
				CLANG_ENABLE_MODULES = YES;
				CLANG_ENABLE_OBJC_ARC = YES;
				CLANG_ENABLE_OBJC_WEAK = YES;
				CLANG_WARN_BLOCK_CAPTURE_AUTORELEASING = YES;
				CLANG_WARN_BOOL_CONVERSION = YES;
				CLANG_WARN_COMMA = YES;
				CLANG_WARN_CONSTANT_CONVERSION = YES;
				CLANG_WARN_DEPRECATED_OBJC_IMPLEMENTATIONS = YES;
				CLANG_WARN_DIRECT_OBJC_ISA_USAGE = YES_ERROR;
				CLANG_WARN_DOCUMENTATION_COMMENTS = YES;
				CLANG_WARN_EMPTY_BODY = YES;
				CLANG_WARN_ENUM_CONVERSION = YES;
				CLANG_WARN_INFINITE_RECURSION = YES;
				CLANG_WARN_INT_CONVERSION = YES;
				CLANG_WARN_NON_LITERAL_NULL_CONVERSION = YES;
				CLANG_WARN_OBJC_IMPLICIT_RETAIN_SELF = YES;
				CLANG_WARN_OBJC_LITERAL_CONVERSION = YES;
				CLANG_WARN_OBJC_ROOT_CLASS = YES_ERROR;
				CLANG_WARN_RANGE_LOOP_ANALYSIS = YES;
				CLANG_WARN_STRICT_PROTOTYPES = YES;
				CLANG_WARN_SUSPICIOUS_MOVE = YES;
				CLANG_WARN_UNGUARDED_AVAILABILITY = YES_AGGRESSIVE;
				CLANG_WARN_UNREACHABLE_CODE = YES;
				CLANG_WARN__DUPLICATE_METHOD_MATCH = YES;
				CODE_SIGN_IDENTITY = "iPhone Developer";
				COPY_PHASE_STRIP = NO;
				DEBUG_INFORMATION_FORMAT = dwarf;
				ENABLE_STRICT_OBJC_MSGSEND = YES;
				ENABLE_TESTABILITY = YES;
				GCC_C_LANGUAGE_STANDARD = gnu11;
				GCC_DYNAMIC_NO_PIC = NO;
				GCC_NO_COMMON_BLOCKS = YES;
				GCC_OPTIMIZATION_LEVEL = 0;
				GCC_PREPROCESSOR_DEFINITIONS = (
					"DEBUG=1",
					"$(inherited)",
				);
				GCC_WARN_64_TO_32_BIT_CONVERSION = YES;
				GCC_WARN_ABOUT_RETURN_TYPE = YES_ERROR;
				GCC_WARN_UNDECLARED_SELECTOR = YES;
				GCC_WARN_UNINITIALIZED_AUTOS = YES_AGGRESSIVE;
				GCC_WARN_UNUSED_FUNCTION = YES;
				GCC_WARN_UNUSED_VARIABLE = YES;
				IPHONEOS_DEPLOYMENT_TARGET = 12.1;
				MTL_ENABLE_DEBUG_INFO = INCLUDE_SOURCE;
				MTL_FAST_MATH = YES;
				ONLY_ACTIVE_ARCH = YES;
				SDKROOT = iphoneos;
			};
			name = Debug;
		};
		500ED000225D9F3E0097024C /* Release */ = {
			isa = XCBuildConfiguration;
			buildSettings = {
				ALWAYS_SEARCH_USER_PATHS = NO;
				CLANG_ANALYZER_NONNULL = YES;
				CLANG_ANALYZER_NUMBER_OBJECT_CONVERSION = YES_AGGRESSIVE;
				CLANG_CXX_LANGUAGE_STANDARD = "gnu++14";
				CLANG_CXX_LIBRARY = "libc++";
				CLANG_ENABLE_MODULES = YES;
				CLANG_ENABLE_OBJC_ARC = YES;
				CLANG_ENABLE_OBJC_WEAK = YES;
				CLANG_WARN_BLOCK_CAPTURE_AUTORELEASING = YES;
				CLANG_WARN_BOOL_CONVERSION = YES;
				CLANG_WARN_COMMA = YES;
				CLANG_WARN_CONSTANT_CONVERSION = YES;
				CLANG_WARN_DEPRECATED_OBJC_IMPLEMENTATIONS = YES;
				CLANG_WARN_DIRECT_OBJC_ISA_USAGE = YES_ERROR;
				CLANG_WARN_DOCUMENTATION_COMMENTS = YES;
				CLANG_WARN_EMPTY_BODY = YES;
				CLANG_WARN_ENUM_CONVERSION = YES;
				CLANG_WARN_INFINITE_RECURSION = YES;
				CLANG_WARN_INT_CONVERSION = YES;
				CLANG_WARN_NON_LITERAL_NULL_CONVERSION = YES;
				CLANG_WARN_OBJC_IMPLICIT_RETAIN_SELF = YES;
				CLANG_WARN_OBJC_LITERAL_CONVERSION = YES;
				CLANG_WARN_OBJC_ROOT_CLASS = YES_ERROR;
				CLANG_WARN_RANGE_LOOP_ANALYSIS = YES;
				CLANG_WARN_STRICT_PROTOTYPES = YES;
				CLANG_WARN_SUSPICIOUS_MOVE = YES;
				CLANG_WARN_UNGUARDED_AVAILABILITY = YES_AGGRESSIVE;
				CLANG_WARN_UNREACHABLE_CODE = YES;
				CLANG_WARN__DUPLICATE_METHOD_MATCH = YES;
				CODE_SIGN_IDENTITY = "iPhone Developer";
				COPY_PHASE_STRIP = NO;
				DEBUG_INFORMATION_FORMAT = "dwarf-with-dsym";
				ENABLE_NS_ASSERTIONS = NO;
				ENABLE_STRICT_OBJC_MSGSEND = YES;
				GCC_C_LANGUAGE_STANDARD = gnu11;
				GCC_NO_COMMON_BLOCKS = YES;
				GCC_WARN_64_TO_32_BIT_CONVERSION = YES;
				GCC_WARN_ABOUT_RETURN_TYPE = YES_ERROR;
				GCC_WARN_UNDECLARED_SELECTOR = YES;
				GCC_WARN_UNINITIALIZED_AUTOS = YES_AGGRESSIVE;
				GCC_WARN_UNUSED_FUNCTION = YES;
				GCC_WARN_UNUSED_VARIABLE = YES;
				IPHONEOS_DEPLOYMENT_TARGET = 12.1;
				MTL_ENABLE_DEBUG_INFO = NO;
				MTL_FAST_MATH = YES;
				SDKROOT = iphoneos;
				VALIDATE_PRODUCT = YES;
			};
			name = Release;
		};
		500ED002225D9F3E0097024C /* Debug */ = {
			isa = XCBuildConfiguration;
			buildSettings = {
				ASSETCATALOG_COMPILER_APPICON_NAME = AppIcon;
				CODE_SIGN_STYLE = Automatic;
				DEVELOPMENT_TEAM = 6WM42K6FYT;
				INFOPLIST_FILE = ScrollViewNoDataView/Info.plist;
				LD_RUNPATH_SEARCH_PATHS = (
					"$(inherited)",
					"@executable_path/Frameworks",
				);
				PRODUCT_BUNDLE_IDENTIFIER = shutong.ScrollViewNoDataView;
				PRODUCT_NAME = "$(TARGET_NAME)";
				TARGETED_DEVICE_FAMILY = "1,2";
			};
			name = Debug;
		};
		500ED003225D9F3E0097024C /* Release */ = {
			isa = XCBuildConfiguration;
			buildSettings = {
				ASSETCATALOG_COMPILER_APPICON_NAME = AppIcon;
				CODE_SIGN_STYLE = Automatic;
				DEVELOPMENT_TEAM = 6WM42K6FYT;
				INFOPLIST_FILE = ScrollViewNoDataView/Info.plist;
				LD_RUNPATH_SEARCH_PATHS = (
					"$(inherited)",
					"@executable_path/Frameworks",
				);
				PRODUCT_BUNDLE_IDENTIFIER = shutong.ScrollViewNoDataView;
				PRODUCT_NAME = "$(TARGET_NAME)";
				TARGETED_DEVICE_FAMILY = "1,2";
			};
			name = Release;
		};
/* End XCBuildConfiguration section */

/* Begin XCConfigurationList section */
		500ECFE6225D9F3B0097024C /* Build configuration list for PBXProject "ScrollViewNoDataView" */ = {
			isa = XCConfigurationList;
			buildConfigurations = (
				500ECFFF225D9F3E0097024C /* Debug */,
				500ED000225D9F3E0097024C /* Release */,
			);
			defaultConfigurationIsVisible = 0;
			defaultConfigurationName = Release;
		};
		500ED001225D9F3E0097024C /* Build configuration list for PBXNativeTarget "ScrollViewNoDataView" */ = {
			isa = XCConfigurationList;
			buildConfigurations = (
				500ED002225D9F3E0097024C /* Debug */,
				500ED003225D9F3E0097024C /* Release */,
			);
			defaultConfigurationIsVisible = 0;
			defaultConfigurationName = Release;
		};
/* End XCConfigurationList section */
	};
	rootObject = 500ECFE3225D9F3B0097024C /* Project object */;
}
